{
  "lockfileVersion": 1,
  "workspaces": {
    "": {
      "name": "react",
      "dependencies": {
        "date-np": "link:../..",
        "react": "^18.3.1",
        "react-dom": "^18.3.1",
      },
      "devDependencies": {
        "@eslint/js": "^9.28.0",
        "@types/react": "^18.3.23",
        "@types/react-dom": "^18.3.7",
        "@vitejs/plugin-react-swc": "^3.10.0",
        "autoprefixer": "^10.4.21",
        "esbuild": "^0.24.2",
        "eslint": "^9.28.0",
        "eslint-plugin-react-hooks": "^5.2.0",
        "eslint-plugin-react-refresh": "^0.4.20",
        "globals": "^15.15.0",
        "postcss": "^8.5.4",
        "tailwindcss": "^4.1.8",
        "typescript": "~5.6.3",
        "typescript-eslint": "^8.33.0",
        "vite": "^5.4.19",
      },
    },
  },
  "packages": {
    "@esbuild/aix-ppc64": ["@esbuild/aix-ppc64@0.24.2", "", { "os": "aix", "cpu": "ppc64" }, "sha512-thpVCb/rhxE/BnMLQ7GReQLLN8q9qbHmI55F4489/ByVg2aQaQ6kbcLb6FHkocZzQhxc4gx0sCk0tJkKBFzDhA=="],

    "@esbuild/android-arm": ["@esbuild/android-arm@0.24.2", "", { "os": "android", "cpu": "arm" }, "sha512-tmwl4hJkCfNHwFB3nBa8z1Uy3ypZpxqxfTQOcHX+xRByyYgunVbZ9MzUUfb0RxaHIMnbHagwAxuTL+tnNM+1/Q=="],

    "@esbuild/android-arm64": ["@esbuild/android-arm64@0.24.2", "", { "os": "android", "cpu": "arm64" }, "sha512-cNLgeqCqV8WxfcTIOeL4OAtSmL8JjcN6m09XIgro1Wi7cF4t/THaWEa7eL5CMoMBdjoHOTh/vwTO/o2TRXIyzg=="],

    "@esbuild/android-x64": ["@esbuild/android-x64@0.24.2", "", { "os": "android", "cpu": "x64" }, "sha512-B6Q0YQDqMx9D7rvIcsXfmJfvUYLoP722bgfBlO5cGvNVb5V/+Y7nhBE3mHV9OpxBf4eAS2S68KZztiPaWq4XYw=="],

    "@esbuild/darwin-arm64": ["@esbuild/darwin-arm64@0.24.2", "", { "os": "darwin", "cpu": "arm64" }, "sha512-kj3AnYWc+CekmZnS5IPu9D+HWtUI49hbnyqk0FLEJDbzCIQt7hg7ucF1SQAilhtYpIujfaHr6O0UHlzzSPdOeA=="],

    "@esbuild/darwin-x64": ["@esbuild/darwin-x64@0.24.2", "", { "os": "darwin", "cpu": "x64" }, "sha512-WeSrmwwHaPkNR5H3yYfowhZcbriGqooyu3zI/3GGpF8AyUdsrrP0X6KumITGA9WOyiJavnGZUwPGvxvwfWPHIA=="],

    "@esbuild/freebsd-arm64": ["@esbuild/freebsd-arm64@0.24.2", "", { "os": "freebsd", "cpu": "arm64" }, "sha512-UN8HXjtJ0k/Mj6a9+5u6+2eZ2ERD7Edt1Q9IZiB5UZAIdPnVKDoG7mdTVGhHJIeEml60JteamR3qhsr1r8gXvg=="],

    "@esbuild/freebsd-x64": ["@esbuild/freebsd-x64@0.24.2", "", { "os": "freebsd", "cpu": "x64" }, "sha512-TvW7wE/89PYW+IevEJXZ5sF6gJRDY/14hyIGFXdIucxCsbRmLUcjseQu1SyTko+2idmCw94TgyaEZi9HUSOe3Q=="],

    "@esbuild/linux-arm": ["@esbuild/linux-arm@0.24.2", "", { "os": "linux", "cpu": "arm" }, "sha512-n0WRM/gWIdU29J57hJyUdIsk0WarGd6To0s+Y+LwvlC55wt+GT/OgkwoXCXvIue1i1sSNWblHEig00GBWiJgfA=="],

    "@esbuild/linux-arm64": ["@esbuild/linux-arm64@0.24.2", "", { "os": "linux", "cpu": "arm64" }, "sha512-7HnAD6074BW43YvvUmE/35Id9/NB7BeX5EoNkK9obndmZBUk8xmJJeU7DwmUeN7tkysslb2eSl6CTrYz6oEMQg=="],

    "@esbuild/linux-ia32": ["@esbuild/linux-ia32@0.24.2", "", { "os": "linux", "cpu": "ia32" }, "sha512-sfv0tGPQhcZOgTKO3oBE9xpHuUqguHvSo4jl+wjnKwFpapx+vUDcawbwPNuBIAYdRAvIDBfZVvXprIj3HA+Ugw=="],

    "@esbuild/linux-loong64": ["@esbuild/linux-loong64@0.24.2", "", { "os": "linux", "cpu": "none" }, "sha512-CN9AZr8kEndGooS35ntToZLTQLHEjtVB5n7dl8ZcTZMonJ7CCfStrYhrzF97eAecqVbVJ7APOEe18RPI4KLhwQ=="],

    "@esbuild/linux-mips64el": ["@esbuild/linux-mips64el@0.24.2", "", { "os": "linux", "cpu": "none" }, "sha512-iMkk7qr/wl3exJATwkISxI7kTcmHKE+BlymIAbHO8xanq/TjHaaVThFF6ipWzPHryoFsesNQJPE/3wFJw4+huw=="],

    "@esbuild/linux-ppc64": ["@esbuild/linux-ppc64@0.24.2", "", { "os": "linux", "cpu": "ppc64" }, "sha512-shsVrgCZ57Vr2L8mm39kO5PPIb+843FStGt7sGGoqiiWYconSxwTiuswC1VJZLCjNiMLAMh34jg4VSEQb+iEbw=="],

    "@esbuild/linux-riscv64": ["@esbuild/linux-riscv64@0.24.2", "", { "os": "linux", "cpu": "none" }, "sha512-4eSFWnU9Hhd68fW16GD0TINewo1L6dRrB+oLNNbYyMUAeOD2yCK5KXGK1GH4qD/kT+bTEXjsyTCiJGHPZ3eM9Q=="],

    "@esbuild/linux-s390x": ["@esbuild/linux-s390x@0.24.2", "", { "os": "linux", "cpu": "s390x" }, "sha512-S0Bh0A53b0YHL2XEXC20bHLuGMOhFDO6GN4b3YjRLK//Ep3ql3erpNcPlEFed93hsQAjAQDNsvcK+hV90FubSw=="],

    "@esbuild/linux-x64": ["@esbuild/linux-x64@0.24.2", "", { "os": "linux", "cpu": "x64" }, "sha512-8Qi4nQcCTbLnK9WoMjdC9NiTG6/E38RNICU6sUNqK0QFxCYgoARqVqxdFmWkdonVsvGqWhmm7MO0jyTqLqwj0Q=="],

    "@esbuild/netbsd-arm64": ["@esbuild/netbsd-arm64@0.24.2", "", { "os": "none", "cpu": "arm64" }, "sha512-wuLK/VztRRpMt9zyHSazyCVdCXlpHkKm34WUyinD2lzK07FAHTq0KQvZZlXikNWkDGoT6x3TD51jKQ7gMVpopw=="],

    "@esbuild/netbsd-x64": ["@esbuild/netbsd-x64@0.24.2", "", { "os": "none", "cpu": "x64" }, "sha512-VefFaQUc4FMmJuAxmIHgUmfNiLXY438XrL4GDNV1Y1H/RW3qow68xTwjZKfj/+Plp9NANmzbH5R40Meudu8mmw=="],

    "@esbuild/openbsd-arm64": ["@esbuild/openbsd-arm64@0.24.2", "", { "os": "openbsd", "cpu": "arm64" }, "sha512-YQbi46SBct6iKnszhSvdluqDmxCJA+Pu280Av9WICNwQmMxV7nLRHZfjQzwbPs3jeWnuAhE9Jy0NrnJ12Oz+0A=="],

    "@esbuild/openbsd-x64": ["@esbuild/openbsd-x64@0.24.2", "", { "os": "openbsd", "cpu": "x64" }, "sha512-+iDS6zpNM6EnJyWv0bMGLWSWeXGN/HTaF/LXHXHwejGsVi+ooqDfMCCTerNFxEkM3wYVcExkeGXNqshc9iMaOA=="],

    "@esbuild/sunos-x64": ["@esbuild/sunos-x64@0.24.2", "", { "os": "sunos", "cpu": "x64" }, "sha512-hTdsW27jcktEvpwNHJU4ZwWFGkz2zRJUz8pvddmXPtXDzVKTTINmlmga3ZzwcuMpUvLw7JkLy9QLKyGpD2Yxig=="],

    "@esbuild/win32-arm64": ["@esbuild/win32-arm64@0.24.2", "", { "os": "win32", "cpu": "arm64" }, "sha512-LihEQ2BBKVFLOC9ZItT9iFprsE9tqjDjnbulhHoFxYQtQfai7qfluVODIYxt1PgdoyQkz23+01rzwNwYfutxUQ=="],

    "@esbuild/win32-ia32": ["@esbuild/win32-ia32@0.24.2", "", { "os": "win32", "cpu": "ia32" }, "sha512-q+iGUwfs8tncmFC9pcnD5IvRHAzmbwQ3GPS5/ceCyHdjXubwQWI12MKWSNSMYLJMq23/IUCvJMS76PDqXe1fxA=="],

    "@esbuild/win32-x64": ["@esbuild/win32-x64@0.24.2", "", { "os": "win32", "cpu": "x64" }, "sha512-7VTgWzgMGvup6aSqDPLiW5zHaxYJGTO4OokMjIlrCtf+VpEL+cXKtCvg723iguPYI5oaUNdS+/V7OU2gvXVWEg=="],

    "@eslint-community/eslint-utils": ["@eslint-community/eslint-utils@4.4.1", "", { "dependencies": { "eslint-visitor-keys": "^3.4.3" }, "peerDependencies": { "eslint": "^6.0.0 || ^7.0.0 || >=8.0.0" } }, ""],

    "@eslint-community/regexpp": ["@eslint-community/regexpp@4.12.1", "", {}, ""],

    "@eslint/config-array": ["@eslint/config-array@0.20.0", "", { "dependencies": { "@eslint/object-schema": "^2.1.6", "debug": "^4.3.1", "minimatch": "^3.1.2" } }, "sha512-fxlS1kkIjx8+vy2SjuCB94q3htSNrufYTXubwiBFeaQHbH6Ipi43gFJq2zCMt6PHhImH3Xmr0NksKDvchWlpQQ=="],

    "@eslint/config-helpers": ["@eslint/config-helpers@0.2.2", "", {}, "sha512-+GPzk8PlG0sPpzdU5ZvIRMPidzAnZDl/s9L+y13iodqvb8leL53bTannOrQ/Im7UkpsmFU5Ily5U60LWixnmLg=="],

    "@eslint/core": ["@eslint/core@0.14.0", "", { "dependencies": { "@types/json-schema": "^7.0.15" } }, "sha512-qIbV0/JZr7iSDjqAc60IqbLdsj9GDt16xQtWD+B78d/HAlvysGdZZ6rpJHGAc2T0FQx1X6thsSPdnoiGKdNtdg=="],

    "@eslint/eslintrc": ["@eslint/eslintrc@3.3.1", "", { "dependencies": { "ajv": "^6.12.4", "debug": "^4.3.2", "espree": "^10.0.1", "globals": "^14.0.0", "ignore": "^5.2.0", "import-fresh": "^3.2.1", "js-yaml": "^4.1.0", "minimatch": "^3.1.2", "strip-json-comments": "^3.1.1" } }, "sha512-gtF186CXhIl1p4pJNGZw8Yc6RlshoePRvE0X91oPGb3vZ8pM3qOS9W9NGPat9LziaBV7XrJWGylNQXkGcnM3IQ=="],

    "@eslint/js": ["@eslint/js@9.28.0", "", {}, "sha512-fnqSjGWd/CoIp4EXIxWVK/sHA6DOHN4+8Ix2cX5ycOY7LG0UY8nHCU5pIp2eaE1Mc7Qd8kHspYNzYXT2ojPLzg=="],

    "@eslint/object-schema": ["@eslint/object-schema@2.1.6", "", {}, "sha512-RBMg5FRL0I0gs51M/guSAj5/e14VQ4tpZnQNWwuDT66P14I43ItmPfIZRhO9fUVIPOAQXU47atlywZ/czoqFPA=="],

    "@eslint/plugin-kit": ["@eslint/plugin-kit@0.3.1", "", { "dependencies": { "@eslint/core": "^0.14.0", "levn": "^0.4.1" } }, "sha512-0J+zgWxHN+xXONWIyPWKFMgVuJoZuGiIFu8yxk7RJjxkzpGmyja5wRFqZIVtjDVOQpV+Rw0iOAjYPE2eQyjr0w=="],

    "@humanfs/core": ["@humanfs/core@0.19.1", "", {}, ""],

    "@humanfs/node": ["@humanfs/node@0.16.6", "", { "dependencies": { "@humanfs/core": "^0.19.1", "@humanwhocodes/retry": "^0.3.0" } }, ""],

    "@humanwhocodes/module-importer": ["@humanwhocodes/module-importer@1.0.1", "", {}, ""],

    "@humanwhocodes/retry": ["@humanwhocodes/retry@0.4.3", "", {}, "sha512-bV0Tgo9K4hfPCek+aMAn81RppFKv2ySDQeMoSZuvTASywNTnVJCArCZE2FWqpvIatKu7VMRLWlR1EazvVhDyhQ=="],

    "@nodelib/fs.scandir": ["@nodelib/fs.scandir@2.1.5", "", { "dependencies": { "@nodelib/fs.stat": "2.0.5", "run-parallel": "^1.1.9" } }, ""],

    "@nodelib/fs.stat": ["@nodelib/fs.stat@2.0.5", "", {}, ""],

    "@nodelib/fs.walk": ["@nodelib/fs.walk@1.2.8", "", { "dependencies": { "@nodelib/fs.scandir": "2.1.5", "fastq": "^1.6.0" } }, ""],

    "@rolldown/pluginutils": ["@rolldown/pluginutils@1.0.0-beta.9", "", {}, "sha512-e9MeMtVWo186sgvFFJOPGy7/d2j2mZhLJIdVW0C/xDluuOvymEATqz6zKsP0ZmXGzQtqlyjz5sC1sYQUoJG98w=="],

    "@rollup/rollup-darwin-arm64": ["@rollup/rollup-darwin-arm64@4.28.1", "", { "os": "darwin", "cpu": "arm64" }, ""],

    "@swc/core": ["@swc/core@1.11.29", "", { "dependencies": { "@swc/counter": "^0.1.3", "@swc/types": "^0.1.21" }, "optionalDependencies": { "@swc/core-darwin-arm64": "1.11.29", "@swc/core-darwin-x64": "1.11.29", "@swc/core-linux-arm-gnueabihf": "1.11.29", "@swc/core-linux-arm64-gnu": "1.11.29", "@swc/core-linux-arm64-musl": "1.11.29", "@swc/core-linux-x64-gnu": "1.11.29", "@swc/core-linux-x64-musl": "1.11.29", "@swc/core-win32-arm64-msvc": "1.11.29", "@swc/core-win32-ia32-msvc": "1.11.29", "@swc/core-win32-x64-msvc": "1.11.29" }, "peerDependencies": { "@swc/helpers": ">=0.5.17" }, "optionalPeers": ["@swc/helpers"] }, "sha512-g4mThMIpWbNhV8G2rWp5a5/Igv8/2UFRJx2yImrLGMgrDDYZIopqZ/z0jZxDgqNA1QDx93rpwNF7jGsxVWcMlA=="],

    "@swc/core-darwin-arm64": ["@swc/core-darwin-arm64@1.11.29", "", { "os": "darwin", "cpu": "arm64" }, "sha512-whsCX7URzbuS5aET58c75Dloby3Gtj/ITk2vc4WW6pSDQKSPDuONsIcZ7B2ng8oz0K6ttbi4p3H/PNPQLJ4maQ=="],

    "@swc/core-darwin-x64": ["@swc/core-darwin-x64@1.11.29", "", { "os": "darwin", "cpu": "x64" }, "sha512-S3eTo/KYFk+76cWJRgX30hylN5XkSmjYtCBnM4jPLYn7L6zWYEPajsFLmruQEiTEDUg0gBEWLMNyUeghtswouw=="],

    "@swc/core-linux-arm-gnueabihf": ["@swc/core-linux-arm-gnueabihf@1.11.29", "", { "os": "linux", "cpu": "arm" }, "sha512-o9gdshbzkUMG6azldHdmKklcfrcMx+a23d/2qHQHPDLUPAN+Trd+sDQUYArK5Fcm7TlpG4sczz95ghN0DMkM7g=="],

    "@swc/core-linux-arm64-gnu": ["@swc/core-linux-arm64-gnu@1.11.29", "", { "os": "linux", "cpu": "arm64" }, "sha512-sLoaciOgUKQF1KX9T6hPGzvhOQaJn+3DHy4LOHeXhQqvBgr+7QcZ+hl4uixPKTzxk6hy6Hb0QOvQEdBAAR1gXw=="],

    "@swc/core-linux-arm64-musl": ["@swc/core-linux-arm64-musl@1.11.29", "", { "os": "linux", "cpu": "arm64" }, "sha512-PwjB10BC0N+Ce7RU/L23eYch6lXFHz7r3NFavIcwDNa/AAqywfxyxh13OeRy+P0cg7NDpWEETWspXeI4Ek8otw=="],

    "@swc/core-linux-x64-gnu": ["@swc/core-linux-x64-gnu@1.11.29", "", { "os": "linux", "cpu": "x64" }, "sha512-i62vBVoPaVe9A3mc6gJG07n0/e7FVeAvdD9uzZTtGLiuIfVfIBta8EMquzvf+POLycSk79Z6lRhGPZPJPYiQaA=="],

    "@swc/core-linux-x64-musl": ["@swc/core-linux-x64-musl@1.11.29", "", { "os": "linux", "cpu": "x64" }, "sha512-YER0XU1xqFdK0hKkfSVX1YIyCvMDI7K07GIpefPvcfyNGs38AXKhb2byySDjbVxkdl4dycaxxhRyhQ2gKSlsFQ=="],

    "@swc/core-win32-arm64-msvc": ["@swc/core-win32-arm64-msvc@1.11.29", "", { "os": "win32", "cpu": "arm64" }, "sha512-po+WHw+k9g6FAg5IJ+sMwtA/fIUL3zPQ4m/uJgONBATCVnDDkyW6dBA49uHNVtSEvjvhuD8DVWdFP847YTcITw=="],

    "@swc/core-win32-ia32-msvc": ["@swc/core-win32-ia32-msvc@1.11.29", "", { "os": "win32", "cpu": "ia32" }, "sha512-h+NjOrbqdRBYr5ItmStmQt6x3tnhqgwbj9YxdGPepbTDamFv7vFnhZR0YfB3jz3UKJ8H3uGJ65Zw1VsC+xpFkg=="],

    "@swc/core-win32-x64-msvc": ["@swc/core-win32-x64-msvc@1.11.29", "", { "os": "win32", "cpu": "x64" }, "sha512-Q8cs2BDV9wqDvqobkXOYdC+pLUSEpX/KvI0Dgfun1F+LzuLotRFuDhrvkU9ETJA6OnD2+Fn/ieHgloiKA/Mn/g=="],

    "@swc/counter": ["@swc/counter@0.1.3", "", {}, ""],

    "@swc/types": ["@swc/types@0.1.21", "", { "dependencies": { "@swc/counter": "^0.1.3" } }, "sha512-2YEtj5HJVbKivud9N4bpPBAyZhj4S2Ipe5LkUG94alTpr7in/GU/EARgPAd3BwU+YOmFVJC2+kjqhGRi3r0ZpQ=="],

    "@types/estree": ["@types/estree@1.0.6", "", {}, ""],

    "@types/json-schema": ["@types/json-schema@7.0.15", "", {}, ""],

    "@types/prop-types": ["@types/prop-types@15.7.14", "", {}, ""],

    "@types/react": ["@types/react@18.3.23", "", { "dependencies": { "@types/prop-types": "*", "csstype": "^3.0.2" } }, "sha512-/LDXMQh55EzZQ0uVAZmKKhfENivEvWz6E+EYzh+/MCjMhNsotd+ZHhBGIjFDTi6+fz0OhQQQLbTgdQIxxCsC0w=="],

    "@types/react-dom": ["@types/react-dom@18.3.7", "", { "peerDependencies": { "@types/react": "^18.0.0" } }, "sha512-MEe3UeoENYVFXzoXEWsvcpg6ZvlrFNlOQ7EOsvhI3CfAXwzPfO8Qwuxd40nepsYKqyyVQnTdEfv68q91yLcKrQ=="],

    "@typescript-eslint/eslint-plugin": ["@typescript-eslint/eslint-plugin@8.33.0", "", { "dependencies": { "@eslint-community/regexpp": "^4.10.0", "@typescript-eslint/scope-manager": "8.33.0", "@typescript-eslint/type-utils": "8.33.0", "@typescript-eslint/utils": "8.33.0", "@typescript-eslint/visitor-keys": "8.33.0", "graphemer": "^1.4.0", "ignore": "^7.0.0", "natural-compare": "^1.4.0", "ts-api-utils": "^2.1.0" }, "peerDependencies": { "@typescript-eslint/parser": "^8.33.0", "eslint": "^8.57.0 || ^9.0.0", "typescript": ">=4.8.4 <5.9.0" } }, "sha512-CACyQuqSHt7ma3Ns601xykeBK/rDeZa3w6IS6UtMQbixO5DWy+8TilKkviGDH6jtWCo8FGRKEK5cLLkPvEammQ=="],

    "@typescript-eslint/parser": ["@typescript-eslint/parser@8.33.0", "", { "dependencies": { "@typescript-eslint/scope-manager": "8.33.0", "@typescript-eslint/types": "8.33.0", "@typescript-eslint/typescript-estree": "8.33.0", "@typescript-eslint/visitor-keys": "8.33.0", "debug": "^4.3.4" }, "peerDependencies": { "eslint": "^8.57.0 || ^9.0.0", "typescript": ">=4.8.4 <5.9.0" } }, "sha512-JaehZvf6m0yqYp34+RVnihBAChkqeH+tqqhS0GuX1qgPpwLvmTPheKEs6OeCK6hVJgXZHJ2vbjnC9j119auStQ=="],

    "@typescript-eslint/project-service": ["@typescript-eslint/project-service@8.33.0", "", { "dependencies": { "@typescript-eslint/tsconfig-utils": "^8.33.0", "@typescript-eslint/types": "^8.33.0", "debug": "^4.3.4" } }, "sha512-d1hz0u9l6N+u/gcrk6s6gYdl7/+pp8yHheRTqP6X5hVDKALEaTn8WfGiit7G511yueBEL3OpOEpD+3/MBdoN+A=="],

    "@typescript-eslint/scope-manager": ["@typescript-eslint/scope-manager@8.33.0", "", { "dependencies": { "@typescript-eslint/types": "8.33.0", "@typescript-eslint/visitor-keys": "8.33.0" } }, "sha512-LMi/oqrzpqxyO72ltP+dBSP6V0xiUb4saY7WLtxSfiNEBI8m321LLVFU9/QDJxjDQG9/tjSqKz/E3380TEqSTw=="],

    "@typescript-eslint/tsconfig-utils": ["@typescript-eslint/tsconfig-utils@8.33.0", "", { "peerDependencies": { "typescript": ">=4.8.4 <5.9.0" } }, "sha512-sTkETlbqhEoiFmGr1gsdq5HyVbSOF0145SYDJ/EQmXHtKViCaGvnyLqWFFHtEXoS0J1yU8Wyou2UGmgW88fEug=="],

    "@typescript-eslint/type-utils": ["@typescript-eslint/type-utils@8.33.0", "", { "dependencies": { "@typescript-eslint/typescript-estree": "8.33.0", "@typescript-eslint/utils": "8.33.0", "debug": "^4.3.4", "ts-api-utils": "^2.1.0" }, "peerDependencies": { "eslint": "^8.57.0 || ^9.0.0", "typescript": ">=4.8.4 <5.9.0" } }, "sha512-lScnHNCBqL1QayuSrWeqAL5GmqNdVUQAAMTaCwdYEdWfIrSrOGzyLGRCHXcCixa5NK6i5l0AfSO2oBSjCjf4XQ=="],

    "@typescript-eslint/types": ["@typescript-eslint/types@8.33.0", "", {}, "sha512-DKuXOKpM5IDT1FA2g9x9x1Ug81YuKrzf4mYX8FAVSNu5Wo/LELHWQyM1pQaDkI42bX15PWl0vNPt1uGiIFUOpg=="],

    "@typescript-eslint/typescript-estree": ["@typescript-eslint/typescript-estree@8.33.0", "", { "dependencies": { "@typescript-eslint/project-service": "8.33.0", "@typescript-eslint/tsconfig-utils": "8.33.0", "@typescript-eslint/types": "8.33.0", "@typescript-eslint/visitor-keys": "8.33.0", "debug": "^4.3.4", "fast-glob": "^3.3.2", "is-glob": "^4.0.3", "minimatch": "^9.0.4", "semver": "^7.6.0", "ts-api-utils": "^2.1.0" }, "peerDependencies": { "typescript": ">=4.8.4 <5.9.0" } }, "sha512-vegY4FQoB6jL97Tu/lWRsAiUUp8qJTqzAmENH2k59SJhw0Th1oszb9Idq/FyyONLuNqT1OADJPXfyUNOR8SzAQ=="],

    "@typescript-eslint/utils": ["@typescript-eslint/utils@8.33.0", "", { "dependencies": { "@eslint-community/eslint-utils": "^4.7.0", "@typescript-eslint/scope-manager": "8.33.0", "@typescript-eslint/types": "8.33.0", "@typescript-eslint/typescript-estree": "8.33.0" }, "peerDependencies": { "eslint": "^8.57.0 || ^9.0.0", "typescript": ">=4.8.4 <5.9.0" } }, "sha512-lPFuQaLA9aSNa7D5u2EpRiqdAUhzShwGg/nhpBlc4GR6kcTABttCuyjFs8BcEZ8VWrjCBof/bePhP3Q3fS+Yrw=="],

    "@typescript-eslint/visitor-keys": ["@typescript-eslint/visitor-keys@8.33.0", "", { "dependencies": { "@typescript-eslint/types": "8.33.0", "eslint-visitor-keys": "^4.2.0" } }, "sha512-7RW7CMYoskiz5OOGAWjJFxgb7c5UNjTG292gYhWeOAcFmYCtVCSqjqSBj5zMhxbXo2JOW95YYrUWJfU0zrpaGQ=="],

    "@vitejs/plugin-react-swc": ["@vitejs/plugin-react-swc@3.10.0", "", { "dependencies": { "@rolldown/pluginutils": "1.0.0-beta.9", "@swc/core": "^1.11.22" }, "peerDependencies": { "vite": "^4 || ^5 || ^6" } }, "sha512-ZmkdHw3wo/o/Rk05YsXZs/DJAfY2CdQ5DUAjoWji+PEr+hYADdGMCGgEAILbiKj+CjspBTuTACBcWDrmC8AUfw=="],

    "acorn": ["acorn@8.14.0", "", { "bin": "bin/acorn" }, ""],

    "acorn-jsx": ["acorn-jsx@5.3.2", "", { "peerDependencies": { "acorn": "^6.0.0 || ^7.0.0 || ^8.0.0" } }, ""],

    "ajv": ["ajv@6.12.6", "", { "dependencies": { "fast-deep-equal": "^3.1.1", "fast-json-stable-stringify": "^2.0.0", "json-schema-traverse": "^0.4.1", "uri-js": "^4.2.2" } }, ""],

    "ansi-styles": ["ansi-styles@4.3.0", "", { "dependencies": { "color-convert": "^2.0.1" } }, ""],

    "argparse": ["argparse@2.0.1", "", {}, ""],

    "autoprefixer": ["autoprefixer@10.4.21", "", { "dependencies": { "browserslist": "^4.24.4", "caniuse-lite": "^1.0.30001702", "fraction.js": "^4.3.7", "normalize-range": "^0.1.2", "picocolors": "^1.1.1", "postcss-value-parser": "^4.2.0" }, "peerDependencies": { "postcss": "^8.1.0" }, "bin": { "autoprefixer": "bin/autoprefixer" } }, "sha512-O+A6LWV5LDHSJD3LjHYoNi4VLsj/Whi7k6zG12xTYaU4cQ8oxQGckXNX8cRHK5yOZ/ppVHe0ZBXGzSV9jXdVbQ=="],

    "balanced-match": ["balanced-match@1.0.2", "", {}, ""],

    "brace-expansion": ["brace-expansion@1.1.11", "", { "dependencies": { "balanced-match": "^1.0.0", "concat-map": "0.0.1" } }, ""],

    "braces": ["braces@3.0.3", "", { "dependencies": { "fill-range": "^7.1.1" } }, ""],

    "browserslist": ["browserslist@4.25.0", "", { "dependencies": { "caniuse-lite": "^1.0.30001718", "electron-to-chromium": "^1.5.160", "node-releases": "^2.0.19", "update-browserslist-db": "^1.1.3" }, "bin": { "browserslist": "cli.js" } }, "sha512-PJ8gYKeS5e/whHBh8xrwYK+dAvEj7JXtz6uTucnMRB8OiGTsKccFekoRrjajPBHV8oOY+2tI4uxeceSimKwMFA=="],

    "callsites": ["callsites@3.1.0", "", {}, ""],

    "caniuse-lite": ["caniuse-lite@1.0.30001721", "", {}, "sha512-cOuvmUVtKrtEaoKiO0rSc29jcjwMwX5tOHDy4MgVFEWiUXj4uBMJkwI8MDySkgXidpMiHUcviogAvFi4pA2hDQ=="],

    "chalk": ["chalk@4.1.2", "", { "dependencies": { "ansi-styles": "^4.1.0", "supports-color": "^7.1.0" } }, ""],

    "color-convert": ["color-convert@2.0.1", "", { "dependencies": { "color-name": "~1.1.4" } }, ""],

    "color-name": ["color-name@1.1.4", "", {}, ""],

    "concat-map": ["concat-map@0.0.1", "", {}, ""],

    "cross-spawn": ["cross-spawn@7.0.6", "", { "dependencies": { "path-key": "^3.1.0", "shebang-command": "^2.0.0", "which": "^2.0.1" } }, ""],

    "csstype": ["csstype@3.1.3", "", {}, ""],

    "date-np": ["date-np@link:../..", {}],

    "debug": ["debug@4.4.0", "", { "dependencies": { "ms": "^2.1.3" } }, ""],

    "deep-is": ["deep-is@0.1.4", "", {}, ""],

    "electron-to-chromium": ["electron-to-chromium@1.5.164", "", {}, "sha512-TXBrF2aZenRjY3wbj5Yc0mZn43lMiSHNkzwPkIxx+vWUB35Kf8Gm/uOYmOJFNQ7SUwWAinbfxX73ANIud65wSA=="],

    "esbuild": ["esbuild@0.24.2", "", { "optionalDependencies": { "@esbuild/aix-ppc64": "0.24.2", "@esbuild/android-arm": "0.24.2", "@esbuild/android-arm64": "0.24.2", "@esbuild/android-x64": "0.24.2", "@esbuild/darwin-arm64": "0.24.2", "@esbuild/darwin-x64": "0.24.2", "@esbuild/freebsd-arm64": "0.24.2", "@esbuild/freebsd-x64": "0.24.2", "@esbuild/linux-arm": "0.24.2", "@esbuild/linux-arm64": "0.24.2", "@esbuild/linux-ia32": "0.24.2", "@esbuild/linux-loong64": "0.24.2", "@esbuild/linux-mips64el": "0.24.2", "@esbuild/linux-ppc64": "0.24.2", "@esbuild/linux-riscv64": "0.24.2", "@esbuild/linux-s390x": "0.24.2", "@esbuild/linux-x64": "0.24.2", "@esbuild/netbsd-arm64": "0.24.2", "@esbuild/netbsd-x64": "0.24.2", "@esbuild/openbsd-arm64": "0.24.2", "@esbuild/openbsd-x64": "0.24.2", "@esbuild/sunos-x64": "0.24.2", "@esbuild/win32-arm64": "0.24.2", "@esbuild/win32-ia32": "0.24.2", "@esbuild/win32-x64": "0.24.2" }, "bin": { "esbuild": "bin/esbuild" } }, "sha512-+9egpBW8I3CD5XPe0n6BfT5fxLzxrlDzqydF3aviG+9ni1lDC/OvMHcxqEFV0+LANZG5R1bFMWfUrjVsdwxJvA=="],

    "escalade": ["escalade@3.2.0", "", {}, "sha512-WUj2qlxaQtO4g6Pq5c29GTcWGDyd8itL8zTlipgECz3JesAiiOKotd8JU6otB3PACgG6xkJUyVhboMS+bje/jA=="],

    "escape-string-regexp": ["escape-string-regexp@4.0.0", "", {}, ""],

    "eslint": ["eslint@9.28.0", "", { "dependencies": { "@eslint-community/eslint-utils": "^4.2.0", "@eslint-community/regexpp": "^4.12.1", "@eslint/config-array": "^0.20.0", "@eslint/config-helpers": "^0.2.1", "@eslint/core": "^0.14.0", "@eslint/eslintrc": "^3.3.1", "@eslint/js": "9.28.0", "@eslint/plugin-kit": "^0.3.1", "@humanfs/node": "^0.16.6", "@humanwhocodes/module-importer": "^1.0.1", "@humanwhocodes/retry": "^0.4.2", "@types/estree": "^1.0.6", "@types/json-schema": "^7.0.15", "ajv": "^6.12.4", "chalk": "^4.0.0", "cross-spawn": "^7.0.6", "debug": "^4.3.2", "escape-string-regexp": "^4.0.0", "eslint-scope": "^8.3.0", "eslint-visitor-keys": "^4.2.0", "espree": "^10.3.0", "esquery": "^1.5.0", "esutils": "^2.0.2", "fast-deep-equal": "^3.1.3", "file-entry-cache": "^8.0.0", "find-up": "^5.0.0", "glob-parent": "^6.0.2", "ignore": "^5.2.0", "imurmurhash": "^0.1.4", "is-glob": "^4.0.0", "json-stable-stringify-without-jsonify": "^1.0.1", "lodash.merge": "^4.6.2", "minimatch": "^3.1.2", "natural-compare": "^1.4.0", "optionator": "^0.9.3" }, "peerDependencies": { "jiti": "*" }, "optionalPeers": ["jiti"], "bin": { "eslint": "bin/eslint.js" } }, "sha512-ocgh41VhRlf9+fVpe7QKzwLj9c92fDiqOj8Y3Sd4/ZmVA4Btx4PlUYPq4pp9JDyupkf1upbEXecxL2mwNV7jPQ=="],

    "eslint-plugin-react-hooks": ["eslint-plugin-react-hooks@5.2.0", "", { "peerDependencies": { "eslint": "^3.0.0 || ^4.0.0 || ^5.0.0 || ^6.0.0 || ^7.0.0 || ^8.0.0-0 || ^9.0.0" } }, "sha512-+f15FfK64YQwZdJNELETdn5ibXEUQmW1DZL6KXhNnc2heoy/sg9VJJeT7n8TlMWouzWqSWavFkIhHyIbIAEapg=="],

    "eslint-plugin-react-refresh": ["eslint-plugin-react-refresh@0.4.20", "", { "peerDependencies": { "eslint": ">=8.40" } }, "sha512-XpbHQ2q5gUF8BGOX4dHe+71qoirYMhApEPZ7sfhF/dNnOF1UXnCMGZf79SFTBO7Bz5YEIT4TMieSlJBWhP9WBA=="],

    "eslint-scope": ["eslint-scope@8.3.0", "", { "dependencies": { "esrecurse": "^4.3.0", "estraverse": "^5.2.0" } }, "sha512-pUNxi75F8MJ/GdeKtVLSbYg4ZI34J6C0C7sbL4YOp2exGwen7ZsuBqKzUhXd0qMQ362yET3z+uPwKeg/0C2XCQ=="],

    "eslint-visitor-keys": ["eslint-visitor-keys@4.2.0", "", {}, ""],

    "espree": ["espree@10.3.0", "", { "dependencies": { "acorn": "^8.14.0", "acorn-jsx": "^5.3.2", "eslint-visitor-keys": "^4.2.0" } }, ""],

    "esquery": ["esquery@1.6.0", "", { "dependencies": { "estraverse": "^5.1.0" } }, ""],

    "esrecurse": ["esrecurse@4.3.0", "", { "dependencies": { "estraverse": "^5.2.0" } }, ""],

    "estraverse": ["estraverse@5.3.0", "", {}, ""],

    "esutils": ["esutils@2.0.3", "", {}, ""],

    "fast-deep-equal": ["fast-deep-equal@3.1.3", "", {}, ""],

    "fast-glob": ["fast-glob@3.3.2", "", { "dependencies": { "@nodelib/fs.stat": "^2.0.2", "@nodelib/fs.walk": "^1.2.3", "glob-parent": "^5.1.2", "merge2": "^1.3.0", "micromatch": "^4.0.4" } }, ""],

    "fast-json-stable-stringify": ["fast-json-stable-stringify@2.1.0", "", {}, ""],

    "fast-levenshtein": ["fast-levenshtein@2.0.6", "", {}, ""],

    "fastq": ["fastq@1.17.1", "", { "dependencies": { "reusify": "^1.0.4" } }, ""],

    "file-entry-cache": ["file-entry-cache@8.0.0", "", { "dependencies": { "flat-cache": "^4.0.0" } }, ""],

    "fill-range": ["fill-range@7.1.1", "", { "dependencies": { "to-regex-range": "^5.0.1" } }, ""],

    "find-up": ["find-up@5.0.0", "", { "dependencies": { "locate-path": "^6.0.0", "path-exists": "^4.0.0" } }, ""],

    "flat-cache": ["flat-cache@4.0.1", "", { "dependencies": { "flatted": "^3.2.9", "keyv": "^4.5.4" } }, ""],

    "flatted": ["flatted@3.3.2", "", {}, ""],

    "fraction.js": ["fraction.js@4.3.7", "", {}, "sha512-ZsDfxO51wGAXREY55a7la9LScWpwv9RxIrYABrlvOFBlH/ShPnrtsXeuUIfXKKOVicNxQ+o8JTbJvjS4M89yew=="],

    "fsevents": ["fsevents@2.3.3", "", { "os": "darwin" }, ""],

    "glob-parent": ["glob-parent@6.0.2", "", { "dependencies": { "is-glob": "^4.0.3" } }, ""],

    "globals": ["globals@15.15.0", "", {}, "sha512-7ACyT3wmyp3I61S4fG682L0VA2RGD9otkqGJIwNUMF1SWUombIIk+af1unuDYgMm082aHYwD+mzJvv9Iu8dsgg=="],

    "graphemer": ["graphemer@1.4.0", "", {}, ""],

    "has-flag": ["has-flag@4.0.0", "", {}, ""],

    "ignore": ["ignore@5.3.2", "", {}, ""],

    "import-fresh": ["import-fresh@3.3.0", "", { "dependencies": { "parent-module": "^1.0.0", "resolve-from": "^4.0.0" } }, ""],

    "imurmurhash": ["imurmurhash@0.1.4", "", {}, ""],

    "is-extglob": ["is-extglob@2.1.1", "", {}, ""],

    "is-glob": ["is-glob@4.0.3", "", { "dependencies": { "is-extglob": "^2.1.1" } }, ""],

    "is-number": ["is-number@7.0.0", "", {}, ""],

    "isexe": ["isexe@2.0.0", "", {}, ""],

    "js-tokens": ["js-tokens@4.0.0", "", {}, ""],

    "js-yaml": ["js-yaml@4.1.0", "", { "dependencies": { "argparse": "^2.0.1" }, "bin": "bin/js-yaml.js" }, ""],

    "json-buffer": ["json-buffer@3.0.1", "", {}, ""],

    "json-schema-traverse": ["json-schema-traverse@0.4.1", "", {}, ""],

    "json-stable-stringify-without-jsonify": ["json-stable-stringify-without-jsonify@1.0.1", "", {}, ""],

    "keyv": ["keyv@4.5.4", "", { "dependencies": { "json-buffer": "3.0.1" } }, ""],

    "levn": ["levn@0.4.1", "", { "dependencies": { "prelude-ls": "^1.2.1", "type-check": "~0.4.0" } }, ""],

    "locate-path": ["locate-path@6.0.0", "", { "dependencies": { "p-locate": "^5.0.0" } }, ""],

    "lodash.merge": ["lodash.merge@4.6.2", "", {}, ""],

    "loose-envify": ["loose-envify@1.4.0", "", { "dependencies": { "js-tokens": "^3.0.0 || ^4.0.0" }, "bin": "cli.js" }, ""],

    "merge2": ["merge2@1.4.1", "", {}, ""],

    "micromatch": ["micromatch@4.0.8", "", { "dependencies": { "braces": "^3.0.3", "picomatch": "^2.3.1" } }, ""],

    "minimatch": ["minimatch@3.1.2", "", { "dependencies": { "brace-expansion": "^1.1.7" } }, ""],

    "ms": ["ms@2.1.3", "", {}, ""],

    "nanoid": ["nanoid@3.3.11", "", { "bin": { "nanoid": "bin/nanoid.cjs" } }, "sha512-N8SpfPUnUp1bK+PMYW8qSWdl9U+wwNWI4QKxOYDy9JAro3WMX7p2OeVRF9v+347pnakNevPmiHhNmZ2HbFA76w=="],

    "natural-compare": ["natural-compare@1.4.0", "", {}, ""],

    "node-releases": ["node-releases@2.0.19", "", {}, "sha512-xxOWJsBKtzAq7DY0J+DTzuz58K8e7sJbdgwkbMWQe8UYB6ekmsQ45q0M/tJDsGaZmbC+l7n57UV8Hl5tHxO9uw=="],

    "normalize-range": ["normalize-range@0.1.2", "", {}, "sha512-bdok/XvKII3nUpklnV6P2hxtMNrCboOjAcyBuQnWEhO665FwrSNRxU+AqpsyvO6LgGYPspN+lu5CLtw4jPRKNA=="],

    "optionator": ["optionator@0.9.4", "", { "dependencies": { "deep-is": "^0.1.3", "fast-levenshtein": "^2.0.6", "levn": "^0.4.1", "prelude-ls": "^1.2.1", "type-check": "^0.4.0", "word-wrap": "^1.2.5" } }, ""],

    "p-limit": ["p-limit@3.1.0", "", { "dependencies": { "yocto-queue": "^0.1.0" } }, ""],

    "p-locate": ["p-locate@5.0.0", "", { "dependencies": { "p-limit": "^3.0.2" } }, ""],

    "parent-module": ["parent-module@1.0.1", "", { "dependencies": { "callsites": "^3.0.0" } }, ""],

    "path-exists": ["path-exists@4.0.0", "", {}, ""],

    "path-key": ["path-key@3.1.1", "", {}, ""],

    "picocolors": ["picocolors@1.1.1", "", {}, ""],

    "picomatch": ["picomatch@2.3.1", "", {}, ""],

    "postcss": ["postcss@8.5.4", "", { "dependencies": { "nanoid": "^3.3.11", "picocolors": "^1.1.1", "source-map-js": "^1.2.1" } }, "sha512-QSa9EBe+uwlGTFmHsPKokv3B/oEMQZxfqW0QqNCyhpa6mB1afzulwn8hihglqAb2pOw+BJgNlmXQ8la2VeHB7w=="],

    "postcss-value-parser": ["postcss-value-parser@4.2.0", "", {}, "sha512-1NNCs6uurfkVbeXG4S8JFT9t19m45ICnif8zWLd5oPSZ50QnwMfK+H3jv408d4jw/7Bttv5axS5IiHoLaVNHeQ=="],

    "prelude-ls": ["prelude-ls@1.2.1", "", {}, ""],

    "punycode": ["punycode@2.3.1", "", {}, ""],

    "queue-microtask": ["queue-microtask@1.2.3", "", {}, ""],

    "react": ["react@18.3.1", "", { "dependencies": { "loose-envify": "^1.1.0" } }, ""],

    "react-dom": ["react-dom@18.3.1", "", { "dependencies": { "loose-envify": "^1.1.0", "scheduler": "^0.23.2" }, "peerDependencies": { "react": "^18.3.1" } }, ""],

    "resolve-from": ["resolve-from@4.0.0", "", {}, ""],

    "reusify": ["reusify@1.0.4", "", {}, ""],

    "rollup": ["rollup@4.28.1", "", { "dependencies": { "@types/estree": "1.0.6" }, "optionalDependencies": { "@rollup/rollup-darwin-arm64": "4.28.1", "fsevents": "~2.3.2" }, "bin": "dist/bin/rollup" }, ""],

    "run-parallel": ["run-parallel@1.2.0", "", { "dependencies": { "queue-microtask": "^1.2.2" } }, ""],

    "scheduler": ["scheduler@0.23.2", "", { "dependencies": { "loose-envify": "^1.1.0" } }, ""],

    "semver": ["semver@7.6.3", "", { "bin": "bin/semver.js" }, ""],

    "shebang-command": ["shebang-command@2.0.0", "", { "dependencies": { "shebang-regex": "^3.0.0" } }, ""],

    "shebang-regex": ["shebang-regex@3.0.0", "", {}, ""],

    "source-map-js": ["source-map-js@1.2.1", "", {}, ""],

    "strip-json-comments": ["strip-json-comments@3.1.1", "", {}, ""],

    "supports-color": ["supports-color@7.2.0", "", { "dependencies": { "has-flag": "^4.0.0" } }, ""],

    "tailwindcss": ["tailwindcss@4.1.8", "", {}, "sha512-kjeW8gjdxasbmFKpVGrGd5T4i40mV5J2Rasw48QARfYeQ8YS9x02ON9SFWax3Qf616rt4Cp3nVNIj6Hd1mP3og=="],

    "to-regex-range": ["to-regex-range@5.0.1", "", { "dependencies": { "is-number": "^7.0.0" } }, ""],

    "ts-api-utils": ["ts-api-utils@2.1.0", "", { "peerDependencies": { "typescript": ">=4.8.4" } }, "sha512-CUgTZL1irw8u29bzrOD/nH85jqyc74D6SshFgujOIA7osm2Rz7dYH77agkx7H4FBNxDq7Cjf+IjaX/8zwFW+ZQ=="],

    "type-check": ["type-check@0.4.0", "", { "dependencies": { "prelude-ls": "^1.2.1" } }, ""],

    "typescript": ["typescript@5.6.3", "", { "bin": { "tsc": "bin/tsc", "tsserver": "bin/tsserver" } }, ""],

    "typescript-eslint": ["typescript-eslint@8.33.0", "", { "dependencies": { "@typescript-eslint/eslint-plugin": "8.33.0", "@typescript-eslint/parser": "8.33.0", "@typescript-eslint/utils": "8.33.0" }, "peerDependencies": { "eslint": "^8.57.0 || ^9.0.0", "typescript": ">=4.8.4 <5.9.0" } }, "sha512-5YmNhF24ylCsvdNW2oJwMzTbaeO4bg90KeGtMjUw0AGtHksgEPLRTUil+coHwCfiu4QjVJFnjp94DmU6zV7DhQ=="],

    "update-browserslist-db": ["update-browserslist-db@1.1.3", "", { "dependencies": { "escalade": "^3.2.0", "picocolors": "^1.1.1" }, "peerDependencies": { "browserslist": ">= 4.21.0" }, "bin": { "update-browserslist-db": "cli.js" } }, "sha512-UxhIZQ+QInVdunkDAaiazvvT/+fXL5Osr0JZlJulepYu6Jd7qJtDZjlur0emRlT71EN3ScPoE7gvsuIKKNavKw=="],

    "uri-js": ["uri-js@4.4.1", "", { "dependencies": { "punycode": "^2.1.0" } }, ""],

    "vite": ["vite@5.4.19", "", { "dependencies": { "esbuild": "^0.21.3", "postcss": "^8.4.43", "rollup": "^4.20.0" }, "optionalDependencies": { "fsevents": "~2.3.3" }, "peerDependencies": { "@types/node": "^18.0.0 || >=20.0.0", "less": "*", "lightningcss": "^1.21.0", "sass": "*", "sass-embedded": "*", "stylus": "*", "sugarss": "*", "terser": "^5.4.0" }, "optionalPeers": ["@types/node", "less", "lightningcss", "sass", "sass-embedded", "stylus", "sugarss", "terser"], "bin": { "vite": "bin/vite.js" } }, "sha512-qO3aKv3HoQC8QKiNSTuUM1l9o/XX3+c+VTgLHbJWHZGeTPVAg2XwazI9UWzoxjIJCGCV2zU60uqMzjeLZuULqA=="],

    "which": ["which@2.0.2", "", { "dependencies": { "isexe": "^2.0.0" }, "bin": { "node-which": "bin/node-which" } }, ""],

    "word-wrap": ["word-wrap@1.2.5", "", {}, ""],

    "yocto-queue": ["yocto-queue@0.1.0", "", {}, ""],

    "@eslint-community/eslint-utils/eslint-visitor-keys": ["eslint-visitor-keys@3.4.3", "", {}, ""],

    "@eslint/eslintrc/globals": ["globals@14.0.0", "", {}, ""],

    "@humanfs/node/@humanwhocodes/retry": ["@humanwhocodes/retry@0.3.1", "", {}, ""],

    "@typescript-eslint/eslint-plugin/ignore": ["ignore@7.0.5", "", {}, "sha512-Hs59xBNfUIunMFgWAbGX5cq6893IbWg4KnrjbYwX3tx0ztorVgTDA6B2sxf8ejHJ4wz8BqGUMYlnzNBer5NvGg=="],

    "@typescript-eslint/typescript-estree/minimatch": ["minimatch@9.0.5", "", { "dependencies": { "brace-expansion": "^2.0.1" } }, ""],

    "@typescript-eslint/utils/@eslint-community/eslint-utils": ["@eslint-community/eslint-utils@4.7.0", "", { "dependencies": { "eslint-visitor-keys": "^3.4.3" }, "peerDependencies": { "eslint": "^6.0.0 || ^7.0.0 || >=8.0.0" } }, "sha512-dyybb3AcajC7uha6CvhdVRJqaKyn7w2YKqKyAN37NKYgZT36w+iRb0Dymmc5qEJ549c/S31cMMSFd75bteCpCw=="],

    "fast-glob/glob-parent": ["glob-parent@5.1.2", "", { "dependencies": { "is-glob": "^4.0.1" } }, ""],

    "vite/esbuild": ["esbuild@0.21.5", "", { "optionalDependencies": { "@esbuild/aix-ppc64": "0.21.5", "@esbuild/android-arm": "0.21.5", "@esbuild/android-arm64": "0.21.5", "@esbuild/android-x64": "0.21.5", "@esbuild/darwin-arm64": "0.21.5", "@esbuild/darwin-x64": "0.21.5", "@esbuild/freebsd-arm64": "0.21.5", "@esbuild/freebsd-x64": "0.21.5", "@esbuild/linux-arm": "0.21.5", "@esbuild/linux-arm64": "0.21.5", "@esbuild/linux-ia32": "0.21.5", "@esbuild/linux-loong64": "0.21.5", "@esbuild/linux-mips64el": "0.21.5", "@esbuild/linux-ppc64": "0.21.5", "@esbuild/linux-riscv64": "0.21.5", "@esbuild/linux-s390x": "0.21.5", "@esbuild/linux-x64": "0.21.5", "@esbuild/netbsd-x64": "0.21.5", "@esbuild/openbsd-x64": "0.21.5", "@esbuild/sunos-x64": "0.21.5", "@esbuild/win32-arm64": "0.21.5", "@esbuild/win32-ia32": "0.21.5", "@esbuild/win32-x64": "0.21.5" }, "bin": { "esbuild": "bin/esbuild" } }, "sha512-mg3OPMV4hXywwpoDxu3Qda5xCKQi+vCTZq8S9J/EpkhB2HzKXq4SNFZE3+NK93JYxc8VMSep+lOUSC/RVKaBqw=="],

    "vite/postcss": ["postcss@8.4.49", "", { "dependencies": { "nanoid": "^3.3.7", "picocolors": "^1.1.1", "source-map-js": "^1.2.1" } }, ""],

    "@typescript-eslint/typescript-estree/minimatch/brace-expansion": ["brace-expansion@2.0.1", "", { "dependencies": { "balanced-match": "^1.0.0" } }, ""],

    "@typescript-eslint/utils/@eslint-community/eslint-utils/eslint-visitor-keys": ["eslint-visitor-keys@3.4.3", "", {}, ""],

    "vite/esbuild/@esbuild/aix-ppc64": ["@esbuild/aix-ppc64@0.21.5", "", { "os": "aix", "cpu": "ppc64" }, "sha512-1SDgH6ZSPTlggy1yI6+Dbkiz8xzpHJEVAlF/AM1tHPLsf5STom9rwtjE4hKAF20FfXXNTFqEYXyJNWh1GiZedQ=="],

    "vite/esbuild/@esbuild/android-arm": ["@esbuild/android-arm@0.21.5", "", { "os": "android", "cpu": "arm" }, "sha512-vCPvzSjpPHEi1siZdlvAlsPxXl7WbOVUBBAowWug4rJHb68Ox8KualB+1ocNvT5fjv6wpkX6o/iEpbDrf68zcg=="],

    "vite/esbuild/@esbuild/android-arm64": ["@esbuild/android-arm64@0.21.5", "", { "os": "android", "cpu": "arm64" }, "sha512-c0uX9VAUBQ7dTDCjq+wdyGLowMdtR/GoC2U5IYk/7D1H1JYC0qseD7+11iMP2mRLN9RcCMRcjC4YMclCzGwS/A=="],

    "vite/esbuild/@esbuild/android-x64": ["@esbuild/android-x64@0.21.5", "", { "os": "android", "cpu": "x64" }, "sha512-D7aPRUUNHRBwHxzxRvp856rjUHRFW1SdQATKXH2hqA0kAZb1hKmi02OpYRacl0TxIGz/ZmXWlbZgjwWYaCakTA=="],

    "vite/esbuild/@esbuild/darwin-arm64": ["@esbuild/darwin-arm64@0.21.5", "", { "os": "darwin", "cpu": "arm64" }, "sha512-DwqXqZyuk5AiWWf3UfLiRDJ5EDd49zg6O9wclZ7kUMv2WRFr4HKjXp/5t8JZ11QbQfUS6/cRCKGwYhtNAY88kQ=="],

    "vite/esbuild/@esbuild/darwin-x64": ["@esbuild/darwin-x64@0.21.5", "", { "os": "darwin", "cpu": "x64" }, "sha512-se/JjF8NlmKVG4kNIuyWMV/22ZaerB+qaSi5MdrXtd6R08kvs2qCN4C09miupktDitvh8jRFflwGFBQcxZRjbw=="],

    "vite/esbuild/@esbuild/freebsd-arm64": ["@esbuild/freebsd-arm64@0.21.5", "", { "os": "freebsd", "cpu": "arm64" }, "sha512-5JcRxxRDUJLX8JXp/wcBCy3pENnCgBR9bN6JsY4OmhfUtIHe3ZW0mawA7+RDAcMLrMIZaf03NlQiX9DGyB8h4g=="],

    "vite/esbuild/@esbuild/freebsd-x64": ["@esbuild/freebsd-x64@0.21.5", "", { "os": "freebsd", "cpu": "x64" }, "sha512-J95kNBj1zkbMXtHVH29bBriQygMXqoVQOQYA+ISs0/2l3T9/kj42ow2mpqerRBxDJnmkUDCaQT/dfNXWX/ZZCQ=="],

    "vite/esbuild/@esbuild/linux-arm": ["@esbuild/linux-arm@0.21.5", "", { "os": "linux", "cpu": "arm" }, "sha512-bPb5AHZtbeNGjCKVZ9UGqGwo8EUu4cLq68E95A53KlxAPRmUyYv2D6F0uUI65XisGOL1hBP5mTronbgo+0bFcA=="],

    "vite/esbuild/@esbuild/linux-arm64": ["@esbuild/linux-arm64@0.21.5", "", { "os": "linux", "cpu": "arm64" }, "sha512-ibKvmyYzKsBeX8d8I7MH/TMfWDXBF3db4qM6sy+7re0YXya+K1cem3on9XgdT2EQGMu4hQyZhan7TeQ8XkGp4Q=="],

    "vite/esbuild/@esbuild/linux-ia32": ["@esbuild/linux-ia32@0.21.5", "", { "os": "linux", "cpu": "ia32" }, "sha512-YvjXDqLRqPDl2dvRODYmmhz4rPeVKYvppfGYKSNGdyZkA01046pLWyRKKI3ax8fbJoK5QbxblURkwK/MWY18Tg=="],

    "vite/esbuild/@esbuild/linux-loong64": ["@esbuild/linux-loong64@0.21.5", "", { "os": "linux", "cpu": "none" }, "sha512-uHf1BmMG8qEvzdrzAqg2SIG/02+4/DHB6a9Kbya0XDvwDEKCoC8ZRWI5JJvNdUjtciBGFQ5PuBlpEOXQj+JQSg=="],

    "vite/esbuild/@esbuild/linux-mips64el": ["@esbuild/linux-mips64el@0.21.5", "", { "os": "linux", "cpu": "none" }, "sha512-IajOmO+KJK23bj52dFSNCMsz1QP1DqM6cwLUv3W1QwyxkyIWecfafnI555fvSGqEKwjMXVLokcV5ygHW5b3Jbg=="],

    "vite/esbuild/@esbuild/linux-ppc64": ["@esbuild/linux-ppc64@0.21.5", "", { "os": "linux", "cpu": "ppc64" }, "sha512-1hHV/Z4OEfMwpLO8rp7CvlhBDnjsC3CttJXIhBi+5Aj5r+MBvy4egg7wCbe//hSsT+RvDAG7s81tAvpL2XAE4w=="],

    "vite/esbuild/@esbuild/linux-riscv64": ["@esbuild/linux-riscv64@0.21.5", "", { "os": "linux", "cpu": "none" }, "sha512-2HdXDMd9GMgTGrPWnJzP2ALSokE/0O5HhTUvWIbD3YdjME8JwvSCnNGBnTThKGEB91OZhzrJ4qIIxk/SBmyDDA=="],

    "vite/esbuild/@esbuild/linux-s390x": ["@esbuild/linux-s390x@0.21.5", "", { "os": "linux", "cpu": "s390x" }, "sha512-zus5sxzqBJD3eXxwvjN1yQkRepANgxE9lgOW2qLnmr8ikMTphkjgXu1HR01K4FJg8h1kEEDAqDcZQtbrRnB41A=="],

    "vite/esbuild/@esbuild/linux-x64": ["@esbuild/linux-x64@0.21.5", "", { "os": "linux", "cpu": "x64" }, "sha512-1rYdTpyv03iycF1+BhzrzQJCdOuAOtaqHTWJZCWvijKD2N5Xu0TtVC8/+1faWqcP9iBCWOmjmhoH94dH82BxPQ=="],

    "vite/esbuild/@esbuild/netbsd-x64": ["@esbuild/netbsd-x64@0.21.5", "", { "os": "none", "cpu": "x64" }, "sha512-Woi2MXzXjMULccIwMnLciyZH4nCIMpWQAs049KEeMvOcNADVxo0UBIQPfSmxB3CWKedngg7sWZdLvLczpe0tLg=="],

    "vite/esbuild/@esbuild/openbsd-x64": ["@esbuild/openbsd-x64@0.21.5", "", { "os": "openbsd", "cpu": "x64" }, "sha512-HLNNw99xsvx12lFBUwoT8EVCsSvRNDVxNpjZ7bPn947b8gJPzeHWyNVhFsaerc0n3TsbOINvRP2byTZ5LKezow=="],

    "vite/esbuild/@esbuild/sunos-x64": ["@esbuild/sunos-x64@0.21.5", "", { "os": "sunos", "cpu": "x64" }, "sha512-6+gjmFpfy0BHU5Tpptkuh8+uw3mnrvgs+dSPQXQOv3ekbordwnzTVEb4qnIvQcYXq6gzkyTnoZ9dZG+D4garKg=="],

    "vite/esbuild/@esbuild/win32-arm64": ["@esbuild/win32-arm64@0.21.5", "", { "os": "win32", "cpu": "arm64" }, "sha512-Z0gOTd75VvXqyq7nsl93zwahcTROgqvuAcYDUr+vOv8uHhNSKROyU961kgtCD1e95IqPKSQKH7tBTslnS3tA8A=="],

    "vite/esbuild/@esbuild/win32-ia32": ["@esbuild/win32-ia32@0.21.5", "", { "os": "win32", "cpu": "ia32" }, "sha512-SWXFF1CL2RVNMaVs+BBClwtfZSvDgtL//G/smwAc5oVK/UPu2Gu9tIaRgFmYFFKrmg3SyAjSrElf0TiJ1v8fYA=="],

    "vite/esbuild/@esbuild/win32-x64": ["@esbuild/win32-x64@0.21.5", "", { "os": "win32", "cpu": "x64" }, "sha512-tQd/1efJuzPC6rCFwEvLtci/xNFcTZknmXs98FYDfGE4wP9ClFV98nyKrzJKVPMhdDnjzLhdUyMX4PsQAPjwIw=="],

    "vite/postcss/nanoid": ["nanoid@3.3.8", "", { "bin": "bin/nanoid.cjs" }, ""],
  }
}
